
Microsoft Visual Studio Solution File, Format Version 12.00
# Visual Studio Version 17
VisualStudioVersion = 17.11.35219.272
MinimumVisualStudioVersion = 10.0.40219.1
Project("{8BC9CEB8-8B4A-11D0-8D11-00A0C91BC942}") = "CSCI-210-FINAL-PROJECT", "CSCI-210-FINAL-PROJECT\CSCI-210-FINAL-PROJECT.vcxproj", "{86447998-34F6-48F6-9933-A602C20AE215}"
EndProject
Project("{8BC9CEB8-8B4A-11D0-8D11-00A0C91BC942}") = "LINUX", "LINUX\LINUX.vcxproj", "{BE22CE3F-83AB-4592-9304-A483DEDEA482}"
EndProject
Global
	GlobalSection(SolutionConfigurationPlatforms) = preSolution
		Debug|ARM = Debug|ARM
		Debug|ARM64 = Debug|ARM64
		Debug|x64 = Debug|x64
		Debug|x86 = Debug|x86
		Release|ARM = Release|ARM
		Release|ARM64 = Release|ARM64
		Release|x64 = Release|x64
		Release|x86 = Release|x86
	EndGlobalSection
	GlobalSection(ProjectConfigurationPlatforms) = postSolution
		{86447998-34F6-48F6-9933-A602C20AE215}.Debug|ARM.ActiveCfg = Debug|x64
		{86447998-34F6-48F6-9933-A602C20AE215}.Debug|ARM.Build.0 = Debug|x64
		{86447998-34F6-48F6-9933-A602C20AE215}.Debug|ARM64.ActiveCfg = Debug|x64
		{86447998-34F6-48F6-9933-A602C20AE215}.Debug|ARM64.Build.0 = Debug|x64
		{86447998-34F6-48F6-9933-A602C20AE215}.Debug|x64.ActiveCfg = Debug|x64
		{86447998-34F6-48F6-9933-A602C20AE215}.Debug|x64.Build.0 = Debug|x64
		{86447998-34F6-48F6-9933-A602C20AE215}.Debug|x86.ActiveCfg = Debug|Win32
		{86447998-34F6-48F6-9933-A602C20AE215}.Debug|x86.Build.0 = Debug|Win32
		{86447998-34F6-48F6-9933-A602C20AE215}.Release|ARM.ActiveCfg = Release|x64
		{86447998-34F6-48F6-9933-A602C20AE215}.Release|ARM.Build.0 = Release|x64
		{86447998-34F6-48F6-9933-A602C20AE215}.Release|ARM64.ActiveCfg = Release|x64
		{86447998-34F6-48F6-9933-A602C20AE215}.Release|ARM64.Build.0 = Release|x64
		{86447998-34F6-48F6-9933-A602C20AE215}.Release|x64.ActiveCfg = Release|x64
		{86447998-34F6-48F6-9933-A602C20AE215}.Release|x64.Build.0 = Release|x64
		{86447998-34F6-48F6-9933-A602C20AE215}.Release|x86.ActiveCfg = Release|Win32
		{86447998-34F6-48F6-9933-A602C20AE215}.Release|x86.Build.0 = Release|Win32
		{BE22CE3F-83AB-4592-9304-A483DEDEA482}.Debug|ARM.ActiveCfg = Debug|ARM
		{BE22CE3F-83AB-4592-9304-A483DEDEA482}.Debug|ARM.Build.0 = Debug|ARM
		{BE22CE3F-83AB-4592-9304-A483DEDEA482}.Debug|ARM.Deploy.0 = Debug|ARM
		{BE22CE3F-83AB-4592-9304-A483DEDEA482}.Debug|ARM64.ActiveCfg = Debug|ARM64
		{BE22CE3F-83AB-4592-9304-A483DEDEA482}.Debug|ARM64.Build.0 = Debug|ARM64
		{BE22CE3F-83AB-4592-9304-A483DEDEA482}.Debug|ARM64.Deploy.0 = Debug|ARM64
		{BE22CE3F-83AB-4592-9304-A483DEDEA482}.Debug|x64.ActiveCfg = Debug|x64
		{BE22CE3F-83AB-4592-9304-A483DEDEA482}.Debug|x64.Build.0 = Debug|x64
		{BE22CE3F-83AB-4592-9304-A483DEDEA482}.Debug|x64.Deploy.0 = Debug|x64
		{BE22CE3F-83AB-4592-9304-A483DEDEA482}.Debug|x86.ActiveCfg = Debug|x86
		{BE22CE3F-83AB-4592-9304-A483DEDEA482}.Debug|x86.Build.0 = Debug|x86
		{BE22CE3F-83AB-4592-9304-A483DEDEA482}.Debug|x86.Deploy.0 = Debug|x86
		{BE22CE3F-83AB-4592-9304-A483DEDEA482}.Release|ARM.ActiveCfg = Release|ARM
		{BE22CE3F-83AB-4592-9304-A483DEDEA482}.Release|ARM.Build.0 = Release|ARM
		{BE22CE3F-83AB-4592-9304-A483DEDEA482}.Release|ARM.Deploy.0 = Release|ARM
		{BE22CE3F-83AB-4592-9304-A483DEDEA482}.Release|ARM64.ActiveCfg = Release|ARM64
		{BE22CE3F-83AB-4592-9304-A483DEDEA482}.Release|ARM64.Build.0 = Release|ARM64
		{BE22CE3F-83AB-4592-9304-A483DEDEA482}.Release|ARM64.Deploy.0 = Release|ARM64
		{BE22CE3F-83AB-4592-9304-A483DEDEA482}.Release|x64.ActiveCfg = Release|x64
		{BE22CE3F-83AB-4592-9304-A483DEDEA482}.Release|x64.Build.0 = Release|x64
		{BE22CE3F-83AB-4592-9304-A483DEDEA482}.Release|x64.Deploy.0 = Release|x64
		{BE22CE3F-83AB-4592-9304-A483DEDEA482}.Release|x86.ActiveCfg = Release|x86
		{BE22CE3F-83AB-4592-9304-A483DEDEA482}.Release|x86.Build.0 = Release|x86
		{BE22CE3F-83AB-4592-9304-A483DEDEA482}.Release|x86.Deploy.0 = Release|x86
	EndGlobalSection
	GlobalSection(SolutionProperties) = preSolution
		HideSolutionNode = FALSE
	EndGlobalSection
	GlobalSection(ExtensibilityGlobals) = postSolution
		SolutionGuid = {2B557C06-F94D-4151-BACE-A22558027AB6}
	EndGlobalSection
EndGlobal
