
Microsoft Visual Studio Solution File, Format Version 12.00
# Visual Studio Version 17
VisualStudioVersion = 17.11.35219.272
MinimumVisualStudioVersion = 10.0.40219.1
Project("{8BC9CEB8-8B4A-11D0-8D11-00A0C91BC942}") = "CSCI-210-FINAL-PROJECT", "CSCI-210-FINAL-PROJECT\CSCI-210-FINAL-PROJECT.vcxproj", "{86447998-34F6-48F6-9933-A602C20AE215}"
EndProject
Global
	GlobalSection(SolutionConfigurationPlatforms) = preSolution
		Debug|x64 = Debug|x64
		Debug|x86 = Debug|x86
		Release|x64 = Release|x64
		Release|x86 = Release|x86
	EndGlobalSection
	GlobalSection(ProjectConfigurationPlatforms) = postSolution
		{86447998-34F6-48F6-9933-A602C20AE215}.Debug|x64.ActiveCfg = Debug|x64
		{86447998-34F6-48F6-9933-A602C20AE215}.Debug|x64.Build.0 = Debug|x64
		{86447998-34F6-48F6-9933-A602C20AE215}.Debug|x86.ActiveCfg = Debug|Win32
		{86447998-34F6-48F6-9933-A602C20AE215}.Debug|x86.Build.0 = Debug|Win32
		{86447998-34F6-48F6-9933-A602C20AE215}.Release|x64.ActiveCfg = Release|x64
		{86447998-34F6-48F6-9933-A602C20AE215}.Release|x64.Build.0 = Release|x64
		{86447998-34F6-48F6-9933-A602C20AE215}.Release|x86.ActiveCfg = Release|Win32
		{86447998-34F6-48F6-9933-A602C20AE215}.Release|x86.Build.0 = Release|Win32
	EndGlobalSection
	GlobalSection(SolutionProperties) = preSolution
		HideSolutionNode = FALSE
	EndGlobalSection
	GlobalSection(ExtensibilityGlobals) = postSolution
		SolutionGuid = {2B557C06-F94D-4151-BACE-A22558027AB6}
	EndGlobalSection
EndGlobal
